
Microsoft Visual Studio Solution File, Format Version 12.00
# Visual Studio Version 17
VisualStudioVersion = 17.2.32630.192
MinimumVisualStudioVersion = 10.0.40219.1
Project("{FAE04EC0-301F-11D3-BF4B-00C04F79EFBC}") = "AutoCourseScheduling", "AutoCourseScheduling\AutoCourseScheduling.csproj", "{0FD40481-80F3-48F7-9623-F19F81EA8CF0}"
EndProject
Global
	GlobalSection(SolutionConfigurationPlatforms) = preSolution
		Debug|Any CPU = Debug|Any CPU
		Release|Any CPU = Release|Any CPU
	EndGlobalSection
	GlobalSection(ProjectConfigurationPlatforms) = postSolution
		{0FD40481-80F3-48F7-9623-F19F81EA8CF0}.Debug|Any CPU.ActiveCfg = Debug|Any CPU
		{0FD40481-80F3-48F7-9623-F19F81EA8CF0}.Debug|Any CPU.Build.0 = Debug|Any CPU
		{0FD40481-80F3-48F7-9623-F19F81EA8CF0}.Release|Any CPU.ActiveCfg = Release|Any CPU
		{0FD40481-80F3-48F7-9623-F19F81EA8CF0}.Release|Any CPU.Build.0 = Release|Any CPU
	EndGlobalSection
	GlobalSection(SolutionProperties) = preSolution
		HideSolutionNode = FALSE
	EndGlobalSection
	GlobalSection(ExtensibilityGlobals) = postSolution
		SolutionGuid = {065ABD1E-F19B-4932-8F89-87F1BB689F8E}
	EndGlobalSection
EndGlobal
